
Microsoft Visual Studio Solution File, Format Version 12.00
# Visual Studio Version 16
VisualStudioVersion = 16.0.32802.440
MinimumVisualStudioVersion = 10.0.40219.1
Project("{FAE04EC0-301F-11D3-BF4B-00C04F79EFBC}") = "DB_Hotel", "DB_Hotel.csproj", "{DB5B8F97-60B9-4F0A-B888-A96358CF13C0}"
EndProject
Global
	GlobalSection(SolutionConfigurationPlatforms) = preSolution
		Debug|Any CPU = Debug|Any CPU
		Release|Any CPU = Release|Any CPU
	EndGlobalSection
	GlobalSection(ProjectConfigurationPlatforms) = postSolution
		{DB5B8F97-60B9-4F0A-B888-A96358CF13C0}.Debug|Any CPU.ActiveCfg = Debug|Any CPU
		{DB5B8F97-60B9-4F0A-B888-A96358CF13C0}.Debug|Any CPU.Build.0 = Debug|Any CPU
		{DB5B8F97-60B9-4F0A-B888-A96358CF13C0}.Release|Any CPU.ActiveCfg = Release|Any CPU
		{DB5B8F97-60B9-4F0A-B888-A96358CF13C0}.Release|Any CPU.Build.0 = Release|Any CPU
	EndGlobalSection
	GlobalSection(SolutionProperties) = preSolution
		HideSolutionNode = FALSE
	EndGlobalSection
	GlobalSection(ExtensibilityGlobals) = postSolution
		SolutionGuid = {B716EE37-1199-4C04-A8EB-1C9292FD1F6A}
	EndGlobalSection
EndGlobal
